
Microsoft Visual Studio Solution File, Format Version 12.00
# Visual Studio Version 17
VisualStudioVersion = 17.2.32630.192
MinimumVisualStudioVersion = 10.0.40219.1
Project("{FAE04EC0-301F-11D3-BF4B-00C04F79EFBC}") = "EjemplosRESTful", "EjemplosRESTful\EjemplosRESTful.csproj", "{6BC54C96-6436-419E-B72F-F017D86B94B0}"
EndProject
Global
	GlobalSection(SolutionConfigurationPlatforms) = preSolution
		Debug|Any CPU = Debug|Any CPU
		Release|Any CPU = Release|Any CPU
	EndGlobalSection
	GlobalSection(ProjectConfigurationPlatforms) = postSolution
		{6BC54C96-6436-419E-B72F-F017D86B94B0}.Debug|Any CPU.ActiveCfg = Debug|Any CPU
		{6BC54C96-6436-419E-B72F-F017D86B94B0}.Debug|Any CPU.Build.0 = Debug|Any CPU
		{6BC54C96-6436-419E-B72F-F017D86B94B0}.Release|Any CPU.ActiveCfg = Release|Any CPU
		{6BC54C96-6436-419E-B72F-F017D86B94B0}.Release|Any CPU.Build.0 = Release|Any CPU
	EndGlobalSection
	GlobalSection(SolutionProperties) = preSolution
		HideSolutionNode = FALSE
	EndGlobalSection
	GlobalSection(ExtensibilityGlobals) = postSolution
		SolutionGuid = {AFCB2BE4-187E-4980-A62A-593C44BAB30A}
	EndGlobalSection
EndGlobal
